
Microsoft Visual Studio Solution File, Format Version 12.00
# Visual Studio Version 17
VisualStudioVersion = 17.5.33530.505
MinimumVisualStudioVersion = 10.0.40219.1
Project("{FAE04EC0-301F-11D3-BF4B-00C04F79EFBC}") = "Define_Header", "Define_Header.csproj", "{196CEA45-81F8-42BC-9B6B-BBA0543D377B}"
EndProject
Global
	GlobalSection(SolutionConfigurationPlatforms) = preSolution
		Debug|Any CPU = Debug|Any CPU
		Release|Any CPU = Release|Any CPU
	EndGlobalSection
	GlobalSection(ProjectConfigurationPlatforms) = postSolution
		{196CEA45-81F8-42BC-9B6B-BBA0543D377B}.Debug|Any CPU.ActiveCfg = Debug|Any CPU
		{196CEA45-81F8-42BC-9B6B-BBA0543D377B}.Debug|Any CPU.Build.0 = Debug|Any CPU
		{196CEA45-81F8-42BC-9B6B-BBA0543D377B}.Release|Any CPU.ActiveCfg = Release|Any CPU
		{196CEA45-81F8-42BC-9B6B-BBA0543D377B}.Release|Any CPU.Build.0 = Release|Any CPU
	EndGlobalSection
	GlobalSection(SolutionProperties) = preSolution
		HideSolutionNode = FALSE
	EndGlobalSection
	GlobalSection(ExtensibilityGlobals) = postSolution
		SolutionGuid = {3845F990-F303-4A2B-A5FD-805EC2D7ABC2}
	EndGlobalSection
EndGlobal
